// !$*UTF8*$!
{
	archiveVersion = 1;
	classes = {
	};
	objectVersion = 56;
	objects = {

/* Begin PBXBuildFile section */
		BB29E89E28BAA3F20047706E /* NonFungible_TokenApp.swift in Sources */ = {isa = PBXBuildFile; fileRef = BB29E89D28BAA3F20047706E /* NonFungible_TokenApp.swift */; };
		BB29E8A028BAA3F20047706E /* ContentView.swift in Sources */ = {isa = PBXBuildFile; fileRef = BB29E89F28BAA3F20047706E /* ContentView.swift */; };
		BB29E8A228BAA3F40047706E /* Assets.xcassets in Resources */ = {isa = PBXBuildFile; fileRef = BB29E8A128BAA3F40047706E /* Assets.xcassets */; };
		BB29E8A628BAA3F40047706E /* Preview Assets.xcassets in Resources */ = {isa = PBXBuildFile; fileRef = BB29E8A528BAA3F40047706E /* Preview Assets.xcassets */; };
		BB7FBF0A28BB337A00616BBC /* nftModel.swift in Sources */ = {isa = PBXBuildFile; fileRef = BB7FBF0928BB337A00616BBC /* nftModel.swift */; };
		BBDCC61228BAA81F00D52907 /* FCL in Frameworks */ = {isa = PBXBuildFile; productRef = BBDCC61128BAA81F00D52907 /* FCL */; };
		BBDCC61928BAA8F800D52907 /* FCLModel.swift in Sources */ = {isa = PBXBuildFile; fileRef = BBDCC61828BAA8F800D52907 /* FCLModel.swift */; };
		BBDCC61C28BAA94000D52907 /* ImageOverlay.swift in Sources */ = {isa = PBXBuildFile; fileRef = BBDCC61A28BAA94000D52907 /* ImageOverlay.swift */; };
		BBDCC61D28BAA94000D52907 /* HexColor.swift in Sources */ = {isa = PBXBuildFile; fileRef = BBDCC61B28BAA94000D52907 /* HexColor.swift */; };
		BBDCC61F28BAA96400D52907 /* SignIn.swift in Sources */ = {isa = PBXBuildFile; fileRef = BBDCC61E28BAA96400D52907 /* SignIn.swift */; };
		BBDCC62128BAB04F00D52907 /* NonFungibleTokenView.swift in Sources */ = {isa = PBXBuildFile; fileRef = BBDCC62028BAB04F00D52907 /* NonFungibleTokenView.swift */; };
		BBDCC62328BAB8A000D52907 /* NonFungibleTokenModel.swift in Sources */ = {isa = PBXBuildFile; fileRef = BBDCC62228BAB8A000D52907 /* NonFungibleTokenModel.swift */; };
		BBDCC62628BAC57300D52907 /* Scripts.swift in Sources */ = {isa = PBXBuildFile; fileRef = BBDCC62528BAC57300D52907 /* Scripts.swift */; };
		BBDCC62828BAC58400D52907 /* Transactions.swift in Sources */ = {isa = PBXBuildFile; fileRef = BBDCC62728BAC58400D52907 /* Transactions.swift */; };
		BBDCC62A28BACD2F00D52907 /* BackgroundView.swift in Sources */ = {isa = PBXBuildFile; fileRef = BBDCC62928BACD2F00D52907 /* BackgroundView.swift */; };
/* End PBXBuildFile section */

/* Begin PBXFileReference section */
		BB29E89A28BAA3F20047706E /* NonFungible Token.app */ = {isa = PBXFileReference; explicitFileType = wrapper.application; includeInIndex = 0; path = "NonFungible Token.app"; sourceTree = BUILT_PRODUCTS_DIR; };
		BB29E89D28BAA3F20047706E /* NonFungible_TokenApp.swift */ = {isa = PBXFileReference; lastKnownFileType = sourcecode.swift; path = NonFungible_TokenApp.swift; sourceTree = "<group>"; };
		BB29E89F28BAA3F20047706E /* ContentView.swift */ = {isa = PBXFileReference; lastKnownFileType = sourcecode.swift; path = ContentView.swift; sourceTree = "<group>"; };
		BB29E8A128BAA3F40047706E /* Assets.xcassets */ = {isa = PBXFileReference; lastKnownFileType = folder.assetcatalog; path = Assets.xcassets; sourceTree = "<group>"; };
		BB29E8A328BAA3F40047706E /* NonFungible_Token.entitlements */ = {isa = PBXFileReference; lastKnownFileType = text.plist.entitlements; path = NonFungible_Token.entitlements; sourceTree = "<group>"; };
		BB29E8A528BAA3F40047706E /* Preview Assets.xcassets */ = {isa = PBXFileReference; lastKnownFileType = folder.assetcatalog; path = "Preview Assets.xcassets"; sourceTree = "<group>"; };
		BB7FBF0928BB337A00616BBC /* nftModel.swift */ = {isa = PBXFileReference; lastKnownFileType = sourcecode.swift; path = nftModel.swift; sourceTree = "<group>"; };
		BBDCC61828BAA8F800D52907 /* FCLModel.swift */ = {isa = PBXFileReference; fileEncoding = 4; lastKnownFileType = sourcecode.swift; path = FCLModel.swift; sourceTree = "<group>"; };
		BBDCC61A28BAA94000D52907 /* ImageOverlay.swift */ = {isa = PBXFileReference; fileEncoding = 4; lastKnownFileType = sourcecode.swift; path = ImageOverlay.swift; sourceTree = "<group>"; };
		BBDCC61B28BAA94000D52907 /* HexColor.swift */ = {isa = PBXFileReference; fileEncoding = 4; lastKnownFileType = sourcecode.swift; path = HexColor.swift; sourceTree = "<group>"; };
		BBDCC61E28BAA96400D52907 /* SignIn.swift */ = {isa = PBXFileReference; fileEncoding = 4; lastKnownFileType = sourcecode.swift; path = SignIn.swift; sourceTree = "<group>"; };
		BBDCC62028BAB04F00D52907 /* NonFungibleTokenView.swift */ = {isa = PBXFileReference; lastKnownFileType = sourcecode.swift; path = NonFungibleTokenView.swift; sourceTree = "<group>"; };
		BBDCC62228BAB8A000D52907 /* NonFungibleTokenModel.swift */ = {isa = PBXFileReference; lastKnownFileType = sourcecode.swift; path = NonFungibleTokenModel.swift; sourceTree = "<group>"; };
		BBDCC62528BAC57300D52907 /* Scripts.swift */ = {isa = PBXFileReference; lastKnownFileType = sourcecode.swift; path = Scripts.swift; sourceTree = "<group>"; };
		BBDCC62728BAC58400D52907 /* Transactions.swift */ = {isa = PBXFileReference; lastKnownFileType = sourcecode.swift; path = Transactions.swift; sourceTree = "<group>"; };
		BBDCC62928BACD2F00D52907 /* BackgroundView.swift */ = {isa = PBXFileReference; lastKnownFileType = sourcecode.swift; path = BackgroundView.swift; sourceTree = "<group>"; };
/* End PBXFileReference section */

/* Begin PBXFrameworksBuildPhase section */
		BB29E89728BAA3F20047706E /* Frameworks */ = {
			isa = PBXFrameworksBuildPhase;
			buildActionMask = 2147483647;
			files = (
				BBDCC61228BAA81F00D52907 /* FCL in Frameworks */,
			);
			runOnlyForDeploymentPostprocessing = 0;
		};
/* End PBXFrameworksBuildPhase section */

/* Begin PBXGroup section */
		BB29E89128BAA3F20047706E = {
			isa = PBXGroup;
			children = (
				BB29E89C28BAA3F20047706E /* NonFungible Token */,
				BB29E89B28BAA3F20047706E /* Products */,
			);
			sourceTree = "<group>";
		};
		BB29E89B28BAA3F20047706E /* Products */ = {
			isa = PBXGroup;
			children = (
				BB29E89A28BAA3F20047706E /* NonFungible Token.app */,
			);
			name = Products;
			sourceTree = "<group>";
		};
		BB29E89C28BAA3F20047706E /* NonFungible Token */ = {
			isa = PBXGroup;
			children = (
				BBDCC62428BAC56100D52907 /* cadence */,
				BBDCC61528BAA87900D52907 /* View Models */,
				BB7FBF0828BB332100616BBC /* Models */,
				BBDCC61428BAA86C00D52907 /* Views */,
				BBDCC61328BAA85B00D52907 /* Utils */,
				BB29E8A428BAA3F40047706E /* Preview Content */,
			);
			path = "NonFungible Token";
			sourceTree = "<group>";
		};
		BB29E8A428BAA3F40047706E /* Preview Content */ = {
			isa = PBXGroup;
			children = (
				BB29E8A528BAA3F40047706E /* Preview Assets.xcassets */,
			);
			path = "Preview Content";
			sourceTree = "<group>";
		};
		BB7FBF0828BB332100616BBC /* Models */ = {
			isa = PBXGroup;
			children = (
				BB7FBF0928BB337A00616BBC /* nftModel.swift */,
			);
			path = Models;
			sourceTree = "<group>";
		};
		BBDCC61328BAA85B00D52907 /* Utils */ = {
			isa = PBXGroup;
			children = (
				BB29E8A328BAA3F40047706E /* NonFungible_Token.entitlements */,
				BBDCC61B28BAA94000D52907 /* HexColor.swift */,
				BBDCC61A28BAA94000D52907 /* ImageOverlay.swift */,
				BB29E89D28BAA3F20047706E /* NonFungible_TokenApp.swift */,
				BB29E8A128BAA3F40047706E /* Assets.xcassets */,
				BBDCC62928BACD2F00D52907 /* BackgroundView.swift */,
			);
			path = Utils;
			sourceTree = "<group>";
		};
		BBDCC61428BAA86C00D52907 /* Views */ = {
			isa = PBXGroup;
			children = (
				BBDCC61E28BAA96400D52907 /* SignIn.swift */,
				BB29E89F28BAA3F20047706E /* ContentView.swift */,
				BBDCC62028BAB04F00D52907 /* NonFungibleTokenView.swift */,
			);
			path = Views;
			sourceTree = "<group>";
		};
		BBDCC61528BAA87900D52907 /* View Models */ = {
			isa = PBXGroup;
			children = (
				BBDCC61828BAA8F800D52907 /* FCLModel.swift */,
				BBDCC62228BAB8A000D52907 /* NonFungibleTokenModel.swift */,
			);
			path = "View Models";
			sourceTree = "<group>";
		};
		BBDCC62428BAC56100D52907 /* cadence */ = {
			isa = PBXGroup;
			children = (
				BBDCC62528BAC57300D52907 /* Scripts.swift */,
				BBDCC62728BAC58400D52907 /* Transactions.swift */,
			);
			path = cadence;
			sourceTree = "<group>";
		};
/* End PBXGroup section */

/* Begin PBXNativeTarget section */
		BB29E89928BAA3F20047706E /* NonFungible Token */ = {
			isa = PBXNativeTarget;
			buildConfigurationList = BB29E8A928BAA3F40047706E /* Build configuration list for PBXNativeTarget "NonFungible Token" */;
			buildPhases = (
				BB29E89628BAA3F20047706E /* Sources */,
				BB29E89728BAA3F20047706E /* Frameworks */,
				BB29E89828BAA3F20047706E /* Resources */,
			);
			buildRules = (
			);
			dependencies = (
			);
			name = "NonFungible Token";
			packageProductDependencies = (
				BBDCC61128BAA81F00D52907 /* FCL */,
			);
			productName = "Hello World";
			productReference = BB29E89A28BAA3F20047706E /* NonFungible Token.app */;
			productType = "com.apple.product-type.application";
		};
/* End PBXNativeTarget section */

/* Begin PBXProject section */
		BB29E89228BAA3F20047706E /* Project object */ = {
			isa = PBXProject;
			attributes = {
				BuildIndependentTargetsInParallel = 1;
				LastSwiftUpdateCheck = 1400;
				LastUpgradeCheck = 1400;
				TargetAttributes = {
					BB29E89928BAA3F20047706E = {
						CreatedOnToolsVersion = 14.0;
					};
				};
			};
			buildConfigurationList = BB29E89528BAA3F20047706E /* Build configuration list for PBXProject "NonFungible Token" */;
			compatibilityVersion = "Xcode 14.0";
			developmentRegion = en;
			hasScannedForEncodings = 0;
			knownRegions = (
				en,
				Base,
			);
			mainGroup = BB29E89128BAA3F20047706E;
			packageReferences = (
				BBDCC61028BAA81F00D52907 /* XCRemoteSwiftPackageReference "fcl-swift" */,
			);
			productRefGroup = BB29E89B28BAA3F20047706E /* Products */;
			projectDirPath = "";
			projectRoot = "";
			targets = (
				BB29E89928BAA3F20047706E /* NonFungible Token */,
			);
		};
/* End PBXProject section */

/* Begin PBXResourcesBuildPhase section */
		BB29E89828BAA3F20047706E /* Resources */ = {
			isa = PBXResourcesBuildPhase;
			buildActionMask = 2147483647;
			files = (
				BB29E8A628BAA3F40047706E /* Preview Assets.xcassets in Resources */,
				BB29E8A228BAA3F40047706E /* Assets.xcassets in Resources */,
			);
			runOnlyForDeploymentPostprocessing = 0;
		};
/* End PBXResourcesBuildPhase section */

/* Begin PBXSourcesBuildPhase section */
		BB29E89628BAA3F20047706E /* Sources */ = {
			isa = PBXSourcesBuildPhase;
			buildActionMask = 2147483647;
			files = (
				BBDCC62828BAC58400D52907 /* Transactions.swift in Sources */,
				BBDCC61928BAA8F800D52907 /* FCLModel.swift in Sources */,
				BB7FBF0A28BB337A00616BBC /* nftModel.swift in Sources */,
				BBDCC62A28BACD2F00D52907 /* BackgroundView.swift in Sources */,
				BBDCC61F28BAA96400D52907 /* SignIn.swift in Sources */,
				BB29E8A028BAA3F20047706E /* ContentView.swift in Sources */,
				BBDCC62628BAC57300D52907 /* Scripts.swift in Sources */,
				BBDCC61D28BAA94000D52907 /* HexColor.swift in Sources */,
				BBDCC62128BAB04F00D52907 /* NonFungibleTokenView.swift in Sources */,
				BBDCC62328BAB8A000D52907 /* NonFungibleTokenModel.swift in Sources */,
				BBDCC61C28BAA94000D52907 /* ImageOverlay.swift in Sources */,
				BB29E89E28BAA3F20047706E /* NonFungible_TokenApp.swift in Sources */,
			);
			runOnlyForDeploymentPostprocessing = 0;
		};
/* End PBXSourcesBuildPhase section */

/* Begin XCBuildConfiguration section */
		BB29E8A728BAA3F40047706E /* Debug */ = {
			isa = XCBuildConfiguration;
			buildSettings = {
				ALWAYS_SEARCH_USER_PATHS = NO;
				CLANG_ANALYZER_NONNULL = YES;
				CLANG_ANALYZER_NUMBER_OBJECT_CONVERSION = YES_AGGRESSIVE;
				CLANG_CXX_LANGUAGE_STANDARD = "gnu++20";
				CLANG_ENABLE_MODULES = YES;
				CLANG_ENABLE_OBJC_ARC = YES;
				CLANG_ENABLE_OBJC_WEAK = YES;
				CLANG_WARN_BLOCK_CAPTURE_AUTORELEASING = YES;
				CLANG_WARN_BOOL_CONVERSION = YES;
				CLANG_WARN_COMMA = YES;
				CLANG_WARN_CONSTANT_CONVERSION = YES;
				CLANG_WARN_DEPRECATED_OBJC_IMPLEMENTATIONS = YES;
				CLANG_WARN_DIRECT_OBJC_ISA_USAGE = YES_ERROR;
				CLANG_WARN_DOCUMENTATION_COMMENTS = YES;
				CLANG_WARN_EMPTY_BODY = YES;
				CLANG_WARN_ENUM_CONVERSION = YES;
				CLANG_WARN_INFINITE_RECURSION = YES;
				CLANG_WARN_INT_CONVERSION = YES;
				CLANG_WARN_NON_LITERAL_NULL_CONVERSION = YES;
				CLANG_WARN_OBJC_IMPLICIT_RETAIN_SELF = YES;
				CLANG_WARN_OBJC_LITERAL_CONVERSION = YES;
				CLANG_WARN_OBJC_ROOT_CLASS = YES_ERROR;
				CLANG_WARN_QUOTED_INCLUDE_IN_FRAMEWORK_HEADER = YES;
				CLANG_WARN_RANGE_LOOP_ANALYSIS = YES;
				CLANG_WARN_STRICT_PROTOTYPES = YES;
				CLANG_WARN_SUSPICIOUS_MOVE = YES;
				CLANG_WARN_UNGUARDED_AVAILABILITY = YES_AGGRESSIVE;
				CLANG_WARN_UNREACHABLE_CODE = YES;
				CLANG_WARN__DUPLICATE_METHOD_MATCH = YES;
				COPY_PHASE_STRIP = NO;
				DEBUG_INFORMATION_FORMAT = dwarf;
				ENABLE_STRICT_OBJC_MSGSEND = YES;
				ENABLE_TESTABILITY = YES;
				GCC_C_LANGUAGE_STANDARD = gnu11;
				GCC_DYNAMIC_NO_PIC = NO;
				GCC_NO_COMMON_BLOCKS = YES;
				GCC_OPTIMIZATION_LEVEL = 0;
				GCC_PREPROCESSOR_DEFINITIONS = (
					"DEBUG=1",
					"$(inherited)",
				);
				GCC_WARN_64_TO_32_BIT_CONVERSION = YES;
				GCC_WARN_ABOUT_RETURN_TYPE = YES_ERROR;
				GCC_WARN_UNDECLARED_SELECTOR = YES;
				GCC_WARN_UNINITIALIZED_AUTOS = YES_AGGRESSIVE;
				GCC_WARN_UNUSED_FUNCTION = YES;
				GCC_WARN_UNUSED_VARIABLE = YES;
				MTL_ENABLE_DEBUG_INFO = INCLUDE_SOURCE;
				MTL_FAST_MATH = YES;
				ONLY_ACTIVE_ARCH = YES;
				SWIFT_ACTIVE_COMPILATION_CONDITIONS = DEBUG;
				SWIFT_OPTIMIZATION_LEVEL = "-Onone";
			};
			name = Debug;
		};
		BB29E8A828BAA3F40047706E /* Release */ = {
			isa = XCBuildConfiguration;
			buildSettings = {
				ALWAYS_SEARCH_USER_PATHS = NO;
				CLANG_ANALYZER_NONNULL = YES;
				CLANG_ANALYZER_NUMBER_OBJECT_CONVERSION = YES_AGGRESSIVE;
				CLANG_CXX_LANGUAGE_STANDARD = "gnu++20";
				CLANG_ENABLE_MODULES = YES;
				CLANG_ENABLE_OBJC_ARC = YES;
				CLANG_ENABLE_OBJC_WEAK = YES;
				CLANG_WARN_BLOCK_CAPTURE_AUTORELEASING = YES;
				CLANG_WARN_BOOL_CONVERSION = YES;
				CLANG_WARN_COMMA = YES;
				CLANG_WARN_CONSTANT_CONVERSION = YES;
				CLANG_WARN_DEPRECATED_OBJC_IMPLEMENTATIONS = YES;
				CLANG_WARN_DIRECT_OBJC_ISA_USAGE = YES_ERROR;
				CLANG_WARN_DOCUMENTATION_COMMENTS = YES;
				CLANG_WARN_EMPTY_BODY = YES;
				CLANG_WARN_ENUM_CONVERSION = YES;
				CLANG_WARN_INFINITE_RECURSION = YES;
				CLANG_WARN_INT_CONVERSION = YES;
				CLANG_WARN_NON_LITERAL_NULL_CONVERSION = YES;
				CLANG_WARN_OBJC_IMPLICIT_RETAIN_SELF = YES;
				CLANG_WARN_OBJC_LITERAL_CONVERSION = YES;
				CLANG_WARN_OBJC_ROOT_CLASS = YES_ERROR;
				CLANG_WARN_QUOTED_INCLUDE_IN_FRAMEWORK_HEADER = YES;
				CLANG_WARN_RANGE_LOOP_ANALYSIS = YES;
				CLANG_WARN_STRICT_PROTOTYPES = YES;
				CLANG_WARN_SUSPICIOUS_MOVE = YES;
				CLANG_WARN_UNGUARDED_AVAILABILITY = YES_AGGRESSIVE;
				CLANG_WARN_UNREACHABLE_CODE = YES;
				CLANG_WARN__DUPLICATE_METHOD_MATCH = YES;
				COPY_PHASE_STRIP = NO;
				DEBUG_INFORMATION_FORMAT = "dwarf-with-dsym";
				ENABLE_NS_ASSERTIONS = NO;
				ENABLE_STRICT_OBJC_MSGSEND = YES;
				GCC_C_LANGUAGE_STANDARD = gnu11;
				GCC_NO_COMMON_BLOCKS = YES;
				GCC_WARN_64_TO_32_BIT_CONVERSION = YES;
				GCC_WARN_ABOUT_RETURN_TYPE = YES_ERROR;
				GCC_WARN_UNDECLARED_SELECTOR = YES;
				GCC_WARN_UNINITIALIZED_AUTOS = YES_AGGRESSIVE;
				GCC_WARN_UNUSED_FUNCTION = YES;
				GCC_WARN_UNUSED_VARIABLE = YES;
				MTL_ENABLE_DEBUG_INFO = NO;
				MTL_FAST_MATH = YES;
				SWIFT_COMPILATION_MODE = wholemodule;
				SWIFT_OPTIMIZATION_LEVEL = "-O";
			};
			name = Release;
		};
		BB29E8AA28BAA3F40047706E /* Debug */ = {
			isa = XCBuildConfiguration;
			buildSettings = {
				ASSETCATALOG_COMPILER_APPICON_NAME = AppIcon;
				ASSETCATALOG_COMPILER_GLOBAL_ACCENT_COLOR_NAME = AccentColor;
				CODE_SIGN_ENTITLEMENTS = "NonFungible Token/Utils/NonFungible_Token.entitlements";
				CODE_SIGN_IDENTITY = "Apple Development";
				CODE_SIGN_STYLE = Automatic;
				CURRENT_PROJECT_VERSION = 1;
				DEVELOPMENT_ASSET_PATHS = "\"NonFungible Token/Preview Content\"";
				DEVELOPMENT_TEAM = Q67CC4F7S9;
				ENABLE_HARDENED_RUNTIME = YES;
				ENABLE_PREVIEWS = YES;
				GENERATE_INFOPLIST_FILE = YES;
				"INFOPLIST_KEY_UIApplicationSceneManifest_Generation[sdk=iphoneos*]" = YES;
				"INFOPLIST_KEY_UIApplicationSceneManifest_Generation[sdk=iphonesimulator*]" = YES;
				"INFOPLIST_KEY_UIApplicationSupportsIndirectInputEvents[sdk=iphoneos*]" = YES;
				"INFOPLIST_KEY_UIApplicationSupportsIndirectInputEvents[sdk=iphonesimulator*]" = YES;
				"INFOPLIST_KEY_UILaunchScreen_Generation[sdk=iphoneos*]" = YES;
				"INFOPLIST_KEY_UILaunchScreen_Generation[sdk=iphonesimulator*]" = YES;
				"INFOPLIST_KEY_UIStatusBarStyle[sdk=iphoneos*]" = UIStatusBarStyleDefault;
				"INFOPLIST_KEY_UIStatusBarStyle[sdk=iphonesimulator*]" = UIStatusBarStyleDefault;
				INFOPLIST_KEY_UISupportedInterfaceOrientations = UIInterfaceOrientationPortrait;
				INFOPLIST_KEY_UISupportedInterfaceOrientations_iPad = "UIInterfaceOrientationLandscapeLeft UIInterfaceOrientationLandscapeRight UIInterfaceOrientationPortrait UIInterfaceOrientationPortraitUpsideDown";
				IPHONEOS_DEPLOYMENT_TARGET = 15.5;
				LD_RUNPATH_SEARCH_PATHS = "@executable_path/Frameworks";
				"LD_RUNPATH_SEARCH_PATHS[sdk=macosx*]" = "@executable_path/../Frameworks";
				MACOSX_DEPLOYMENT_TARGET = 13.0;
				MARKETING_VERSION = 1.0;
				PRODUCT_BUNDLE_IDENTIFIER = "io.eurekadao.NonFungible-Token";
				PRODUCT_NAME = "$(TARGET_NAME)";
				PROVISIONING_PROFILE_SPECIFIER = "";
				SDKROOT = auto;
				SUPPORTED_PLATFORMS = "iphoneos iphonesimulator";
				SUPPORTS_MACCATALYST = NO;
				SUPPORTS_MAC_DESIGNED_FOR_IPHONE_IPAD = NO;
				SWIFT_EMIT_LOC_STRINGS = YES;
				SWIFT_VERSION = 5.0;
				TARGETED_DEVICE_FAMILY = "1,2";
			};
			name = Debug;
		};
		BB29E8AB28BAA3F40047706E /* Release */ = {
			isa = XCBuildConfiguration;
			buildSettings = {
				ASSETCATALOG_COMPILER_APPICON_NAME = AppIcon;
				ASSETCATALOG_COMPILER_GLOBAL_ACCENT_COLOR_NAME = AccentColor;
				CODE_SIGN_ENTITLEMENTS = "NonFungible Token/Utils/NonFungible_Token.entitlements";
				CODE_SIGN_IDENTITY = "Apple Development";
				CODE_SIGN_STYLE = Automatic;
				CURRENT_PROJECT_VERSION = 1;
				DEVELOPMENT_ASSET_PATHS = "\"NonFungible Token/Preview Content\"";
				DEVELOPMENT_TEAM = Q67CC4F7S9;
				ENABLE_HARDENED_RUNTIME = YES;
				ENABLE_PREVIEWS = YES;
				GENERATE_INFOPLIST_FILE = YES;
				"INFOPLIST_KEY_UIApplicationSceneManifest_Generation[sdk=iphoneos*]" = YES;
				"INFOPLIST_KEY_UIApplicationSceneManifest_Generation[sdk=iphonesimulator*]" = YES;
				"INFOPLIST_KEY_UIApplicationSupportsIndirectInputEvents[sdk=iphoneos*]" = YES;
				"INFOPLIST_KEY_UIApplicationSupportsIndirectInputEvents[sdk=iphonesimulator*]" = YES;
				"INFOPLIST_KEY_UILaunchScreen_Generation[sdk=iphoneos*]" = YES;
				"INFOPLIST_KEY_UILaunchScreen_Generation[sdk=iphonesimulator*]" = YES;
				"INFOPLIST_KEY_UIStatusBarStyle[sdk=iphoneos*]" = UIStatusBarStyleDefault;
				"INFOPLIST_KEY_UIStatusBarStyle[sdk=iphonesimulator*]" = UIStatusBarStyleDefault;
				INFOPLIST_KEY_UISupportedInterfaceOrientations = UIInterfaceOrientationPortrait;
				INFOPLIST_KEY_UISupportedInterfaceOrientations_iPad = "UIInterfaceOrientationLandscapeLeft UIInterfaceOrientationLandscapeRight UIInterfaceOrientationPortrait UIInterfaceOrientationPortraitUpsideDown";
				IPHONEOS_DEPLOYMENT_TARGET = 15.5;
				LD_RUNPATH_SEARCH_PATHS = "@executable_path/Frameworks";
				"LD_RUNPATH_SEARCH_PATHS[sdk=macosx*]" = "@executable_path/../Frameworks";
				MACOSX_DEPLOYMENT_TARGET = 13.0;
				MARKETING_VERSION = 1.0;
				PRODUCT_BUNDLE_IDENTIFIER = "io.eurekadao.NonFungible-Token";
				PRODUCT_NAME = "$(TARGET_NAME)";
				PROVISIONING_PROFILE_SPECIFIER = "";
				SDKROOT = auto;
				SUPPORTED_PLATFORMS = "iphoneos iphonesimulator";
				SUPPORTS_MACCATALYST = NO;
				SUPPORTS_MAC_DESIGNED_FOR_IPHONE_IPAD = NO;
				SWIFT_EMIT_LOC_STRINGS = YES;
				SWIFT_VERSION = 5.0;
				TARGETED_DEVICE_FAMILY = "1,2";
			};
			name = Release;
		};
/* End XCBuildConfiguration section */

/* Begin XCConfigurationList section */
		BB29E89528BAA3F20047706E /* Build configuration list for PBXProject "NonFungible Token" */ = {
			isa = XCConfigurationList;
			buildConfigurations = (
				BB29E8A728BAA3F40047706E /* Debug */,
				BB29E8A828BAA3F40047706E /* Release */,
			);
			defaultConfigurationIsVisible = 0;
			defaultConfigurationName = Release;
		};
		BB29E8A928BAA3F40047706E /* Build configuration list for PBXNativeTarget "NonFungible Token" */ = {
			isa = XCConfigurationList;
			buildConfigurations = (
				BB29E8AA28BAA3F40047706E /* Debug */,
				BB29E8AB28BAA3F40047706E /* Release */,
			);
			defaultConfigurationIsVisible = 0;
			defaultConfigurationName = Release;
		};
/* End XCConfigurationList section */

/* Begin XCRemoteSwiftPackageReference section */
		BBDCC61028BAA81F00D52907 /* XCRemoteSwiftPackageReference "fcl-swift" */ = {
			isa = XCRemoteSwiftPackageReference;
			repositoryURL = "https://github.com/Outblock/fcl-swift.git";
			requirement = {
				branch = main;
				kind = branch;
			};
		};
/* End XCRemoteSwiftPackageReference section */

/* Begin XCSwiftPackageProductDependency section */
		BBDCC61128BAA81F00D52907 /* FCL */ = {
			isa = XCSwiftPackageProductDependency;
			package = BBDCC61028BAA81F00D52907 /* XCRemoteSwiftPackageReference "fcl-swift" */;
			productName = FCL;
		};
/* End XCSwiftPackageProductDependency section */
	};
	rootObject = BB29E89228BAA3F20047706E /* Project object */;
}
